
Microsoft Visual Studio Solution File, Format Version 12.00
Project("{2150E333-8FDC-42A3-9474-1A3956D46DE8}") = "Services", "Services", "{082FAC91-86A8-4379-99C3-D173BB7AC94D}"
EndProject
Project("{2150E333-8FDC-42A3-9474-1A3956D46DE8}") = "Catalog", "Catalog", "{E8E36A7F-8316-46EA-88DD-7F68E3782098}"
EndProject
Project("{2150E333-8FDC-42A3-9474-1A3956D46DE8}") = "Discount", "Discount", "{BB6D3FA0-2678-4D8F-BBB2-03DB62E29A65}"
EndProject
Project("{2150E333-8FDC-42A3-9474-1A3956D46DE8}") = "Order", "Order", "{52A4EC9C-DA59-44D2-8211-9F7AD7F1DA3C}"
EndProject
Project("{FAE04EC0-301F-11D3-BF4B-00C04F79EFBC}") = "MultiShop.Catalog", "Services\Catalog\MultiShop.Catalog\MultiShop.Catalog.csproj", "{FD1E2ABD-CB10-4F30-A535-C84410979837}"
EndProject
Project("{FAE04EC0-301F-11D3-BF4B-00C04F79EFBC}") = "MultiShop.Discount", "Services\Discount\MultiShop.Discount\MultiShop.Discount.csproj", "{4C047387-3D91-4A2C-ABCE-B408E68FE449}"
EndProject
Project("{2150E333-8FDC-42A3-9474-1A3956D46DE8}") = "Core", "Core", "{BBFD572A-CB96-48A5-9E38-FEFD05620A29}"
EndProject
Project("{2150E333-8FDC-42A3-9474-1A3956D46DE8}") = "Presentation", "Presentation", "{4BF229D6-134D-4FA7-9E1C-33F4744FE018}"
EndProject
Project("{2150E333-8FDC-42A3-9474-1A3956D46DE8}") = "Infrastructure", "Infrastructure", "{0E937E8B-DFE6-4777-AA9E-E44B8760B934}"
EndProject
Project("{FAE04EC0-301F-11D3-BF4B-00C04F79EFBC}") = "MultiShop.Order.Domain", "Services\Order\Core\MultiShop.Order.Domain\MultiShop.Order.Domain.csproj", "{CDA1A676-A5C5-4D39-AF4B-C7D5FE440385}"
EndProject
Project("{FAE04EC0-301F-11D3-BF4B-00C04F79EFBC}") = "MultiShop.Order.Application", "Services\Order\Core\MultiShop.Order.Application\MultiShop.Order.Application.csproj", "{0B373529-DA3B-4CC8-AC87-EDDFEDF007B9}"
EndProject
Project("{FAE04EC0-301F-11D3-BF4B-00C04F79EFBC}") = "MultiShop.Order.Persistance", "Services\Order\Infrastructure\MultiShop.Order.Persistance\MultiShop.Order.Persistance.csproj", "{4A711275-484A-4B28-89D6-076CF54158BF}"
EndProject
Project("{FAE04EC0-301F-11D3-BF4B-00C04F79EFBC}") = "MultiShop.Order.WebApi", "Services\Order\Presentation\MultiShop.Order.WebApi\MultiShop.Order.WebApi.csproj", "{067F7BD8-45B8-4A90-AD5C-86452686858E}"
EndProject
Global
	GlobalSection(SolutionConfigurationPlatforms) = preSolution
		Debug|Any CPU = Debug|Any CPU
		Release|Any CPU = Release|Any CPU
	EndGlobalSection
	GlobalSection(NestedProjects) = preSolution
		{E8E36A7F-8316-46EA-88DD-7F68E3782098} = {082FAC91-86A8-4379-99C3-D173BB7AC94D}
		{BB6D3FA0-2678-4D8F-BBB2-03DB62E29A65} = {082FAC91-86A8-4379-99C3-D173BB7AC94D}
		{52A4EC9C-DA59-44D2-8211-9F7AD7F1DA3C} = {082FAC91-86A8-4379-99C3-D173BB7AC94D}
		{FD1E2ABD-CB10-4F30-A535-C84410979837} = {E8E36A7F-8316-46EA-88DD-7F68E3782098}
		{4C047387-3D91-4A2C-ABCE-B408E68FE449} = {BB6D3FA0-2678-4D8F-BBB2-03DB62E29A65}
		{BBFD572A-CB96-48A5-9E38-FEFD05620A29} = {52A4EC9C-DA59-44D2-8211-9F7AD7F1DA3C}
		{4BF229D6-134D-4FA7-9E1C-33F4744FE018} = {52A4EC9C-DA59-44D2-8211-9F7AD7F1DA3C}
		{0E937E8B-DFE6-4777-AA9E-E44B8760B934} = {52A4EC9C-DA59-44D2-8211-9F7AD7F1DA3C}
		{CDA1A676-A5C5-4D39-AF4B-C7D5FE440385} = {BBFD572A-CB96-48A5-9E38-FEFD05620A29}
		{0B373529-DA3B-4CC8-AC87-EDDFEDF007B9} = {BBFD572A-CB96-48A5-9E38-FEFD05620A29}
		{4A711275-484A-4B28-89D6-076CF54158BF} = {0E937E8B-DFE6-4777-AA9E-E44B8760B934}
		{067F7BD8-45B8-4A90-AD5C-86452686858E} = {4BF229D6-134D-4FA7-9E1C-33F4744FE018}
	EndGlobalSection
	GlobalSection(ProjectConfigurationPlatforms) = postSolution
		{FD1E2ABD-CB10-4F30-A535-C84410979837}.Debug|Any CPU.ActiveCfg = Debug|Any CPU
		{FD1E2ABD-CB10-4F30-A535-C84410979837}.Debug|Any CPU.Build.0 = Debug|Any CPU
		{FD1E2ABD-CB10-4F30-A535-C84410979837}.Release|Any CPU.ActiveCfg = Release|Any CPU
		{FD1E2ABD-CB10-4F30-A535-C84410979837}.Release|Any CPU.Build.0 = Release|Any CPU
		{4C047387-3D91-4A2C-ABCE-B408E68FE449}.Debug|Any CPU.ActiveCfg = Debug|Any CPU
		{4C047387-3D91-4A2C-ABCE-B408E68FE449}.Debug|Any CPU.Build.0 = Debug|Any CPU
		{4C047387-3D91-4A2C-ABCE-B408E68FE449}.Release|Any CPU.ActiveCfg = Release|Any CPU
		{4C047387-3D91-4A2C-ABCE-B408E68FE449}.Release|Any CPU.Build.0 = Release|Any CPU
		{CDA1A676-A5C5-4D39-AF4B-C7D5FE440385}.Debug|Any CPU.ActiveCfg = Debug|Any CPU
		{CDA1A676-A5C5-4D39-AF4B-C7D5FE440385}.Debug|Any CPU.Build.0 = Debug|Any CPU
		{CDA1A676-A5C5-4D39-AF4B-C7D5FE440385}.Release|Any CPU.ActiveCfg = Release|Any CPU
		{CDA1A676-A5C5-4D39-AF4B-C7D5FE440385}.Release|Any CPU.Build.0 = Release|Any CPU
		{0B373529-DA3B-4CC8-AC87-EDDFEDF007B9}.Debug|Any CPU.ActiveCfg = Debug|Any CPU
		{0B373529-DA3B-4CC8-AC87-EDDFEDF007B9}.Debug|Any CPU.Build.0 = Debug|Any CPU
		{0B373529-DA3B-4CC8-AC87-EDDFEDF007B9}.Release|Any CPU.ActiveCfg = Release|Any CPU
		{0B373529-DA3B-4CC8-AC87-EDDFEDF007B9}.Release|Any CPU.Build.0 = Release|Any CPU
		{4A711275-484A-4B28-89D6-076CF54158BF}.Debug|Any CPU.ActiveCfg = Debug|Any CPU
		{4A711275-484A-4B28-89D6-076CF54158BF}.Debug|Any CPU.Build.0 = Debug|Any CPU
		{4A711275-484A-4B28-89D6-076CF54158BF}.Release|Any CPU.ActiveCfg = Release|Any CPU
		{4A711275-484A-4B28-89D6-076CF54158BF}.Release|Any CPU.Build.0 = Release|Any CPU
		{067F7BD8-45B8-4A90-AD5C-86452686858E}.Debug|Any CPU.ActiveCfg = Debug|Any CPU
		{067F7BD8-45B8-4A90-AD5C-86452686858E}.Debug|Any CPU.Build.0 = Debug|Any CPU
		{067F7BD8-45B8-4A90-AD5C-86452686858E}.Release|Any CPU.ActiveCfg = Release|Any CPU
		{067F7BD8-45B8-4A90-AD5C-86452686858E}.Release|Any CPU.Build.0 = Release|Any CPU
	EndGlobalSection
EndGlobal
